// !$*UTF8*$!
{
	archiveVersion = 1;
	classes = {
	};
	objectVersion = 55;
	objects = {

/* Begin PBXBuildFile section */
		886FEBB628206D9C00B75021 /* PasswordsViewController.swift in Sources */ = {isa = PBXBuildFile; fileRef = 886FEBB528206D9C00B75021 /* PasswordsViewController.swift */; };
		886FEBB828206E9700B75021 /* SecurityTipsViewController.swift in Sources */ = {isa = PBXBuildFile; fileRef = 886FEBB728206E9700B75021 /* SecurityTipsViewController.swift */; };
		886FEBBC2820714E00B75021 /* PasswordGenerator.swift in Sources */ = {isa = PBXBuildFile; fileRef = 886FEBBB2820714E00B75021 /* PasswordGenerator.swift */; };
		888F974F28205AA200ACF34F /* AppDelegate.swift in Sources */ = {isa = PBXBuildFile; fileRef = 888F974E28205AA200ACF34F /* AppDelegate.swift */; };
		888F975128205AA200ACF34F /* SceneDelegate.swift in Sources */ = {isa = PBXBuildFile; fileRef = 888F975028205AA200ACF34F /* SceneDelegate.swift */; };
		888F975328205AA200ACF34F /* ViewController.swift in Sources */ = {isa = PBXBuildFile; fileRef = 888F975228205AA200ACF34F /* ViewController.swift */; };
		888F975628205AA200ACF34F /* Main.storyboard in Resources */ = {isa = PBXBuildFile; fileRef = 888F975428205AA200ACF34F /* Main.storyboard */; };
		888F975828205AA800ACF34F /* Assets.xcassets in Resources */ = {isa = PBXBuildFile; fileRef = 888F975728205AA800ACF34F /* Assets.xcassets */; };
		888F975B28205AA800ACF34F /* LaunchScreen.storyboard in Resources */ = {isa = PBXBuildFile; fileRef = 888F975928205AA800ACF34F /* LaunchScreen.storyboard */; };
/* End PBXBuildFile section */

/* Begin PBXFileReference section */
		886FEBB528206D9C00B75021 /* PasswordsViewController.swift */ = {isa = PBXFileReference; lastKnownFileType = sourcecode.swift; path = PasswordsViewController.swift; sourceTree = "<group>"; };
		886FEBB728206E9700B75021 /* SecurityTipsViewController.swift */ = {isa = PBXFileReference; lastKnownFileType = sourcecode.swift; path = SecurityTipsViewController.swift; sourceTree = "<group>"; };
		886FEBBB2820714E00B75021 /* PasswordGenerator.swift */ = {isa = PBXFileReference; lastKnownFileType = sourcecode.swift; path = PasswordGenerator.swift; sourceTree = "<group>"; };
		888F974B28205AA200ACF34F /* Super Senha.app */ = {isa = PBXFileReference; explicitFileType = wrapper.application; includeInIndex = 0; path = "Super Senha.app"; sourceTree = BUILT_PRODUCTS_DIR; };
		888F974E28205AA200ACF34F /* AppDelegate.swift */ = {isa = PBXFileReference; lastKnownFileType = sourcecode.swift; path = AppDelegate.swift; sourceTree = "<group>"; };
		888F975028205AA200ACF34F /* SceneDelegate.swift */ = {isa = PBXFileReference; lastKnownFileType = sourcecode.swift; path = SceneDelegate.swift; sourceTree = "<group>"; };
		888F975228205AA200ACF34F /* ViewController.swift */ = {isa = PBXFileReference; lastKnownFileType = sourcecode.swift; path = ViewController.swift; sourceTree = "<group>"; };
		888F975528205AA200ACF34F /* Base */ = {isa = PBXFileReference; lastKnownFileType = file.storyboard; name = Base; path = Base.lproj/Main.storyboard; sourceTree = "<group>"; };
		888F975728205AA800ACF34F /* Assets.xcassets */ = {isa = PBXFileReference; lastKnownFileType = folder.assetcatalog; path = Assets.xcassets; sourceTree = "<group>"; };
		888F975A28205AA800ACF34F /* Base */ = {isa = PBXFileReference; lastKnownFileType = file.storyboard; name = Base; path = Base.lproj/LaunchScreen.storyboard; sourceTree = "<group>"; };
		888F975C28205AA800ACF34F /* Info.plist */ = {isa = PBXFileReference; lastKnownFileType = text.plist.xml; path = Info.plist; sourceTree = "<group>"; };
/* End PBXFileReference section */

/* Begin PBXFrameworksBuildPhase section */
		888F974828205AA200ACF34F /* Frameworks */ = {
			isa = PBXFrameworksBuildPhase;
			buildActionMask = 2147483647;
			files = (
			);
			runOnlyForDeploymentPostprocessing = 0;
		};
/* End PBXFrameworksBuildPhase section */

/* Begin PBXGroup section */
		888F974228205AA200ACF34F = {
			isa = PBXGroup;
			children = (
				888F974D28205AA200ACF34F /* Super Senha */,
				888F974C28205AA200ACF34F /* Products */,
			);
			sourceTree = "<group>";
		};
		888F974C28205AA200ACF34F /* Products */ = {
			isa = PBXGroup;
			children = (
				888F974B28205AA200ACF34F /* Super Senha.app */,
			);
			name = Products;
			sourceTree = "<group>";
		};
		888F974D28205AA200ACF34F /* Super Senha */ = {
			isa = PBXGroup;
			children = (
				888F974E28205AA200ACF34F /* AppDelegate.swift */,
				888F975028205AA200ACF34F /* SceneDelegate.swift */,
				888F975228205AA200ACF34F /* ViewController.swift */,
				888F975428205AA200ACF34F /* Main.storyboard */,
				886FEBBB2820714E00B75021 /* PasswordGenerator.swift */,
				886FEBB728206E9700B75021 /* SecurityTipsViewController.swift */,
				886FEBB528206D9C00B75021 /* PasswordsViewController.swift */,
				888F975728205AA800ACF34F /* Assets.xcassets */,
				888F975928205AA800ACF34F /* LaunchScreen.storyboard */,
				888F975C28205AA800ACF34F /* Info.plist */,
			);
			path = "Super Senha";
			sourceTree = "<group>";
		};
/* End PBXGroup section */

/* Begin PBXNativeTarget section */
		888F974A28205AA200ACF34F /* Super Senha */ = {
			isa = PBXNativeTarget;
			buildConfigurationList = 888F975F28205AA800ACF34F /* Build configuration list for PBXNativeTarget "Super Senha" */;
			buildPhases = (
				888F974728205AA200ACF34F /* Sources */,
				888F974828205AA200ACF34F /* Frameworks */,
				888F974928205AA200ACF34F /* Resources */,
			);
			buildRules = (
			);
			dependencies = (
			);
			name = "Super Senha";
			productName = "Super Senha";
			productReference = 888F974B28205AA200ACF34F /* Super Senha.app */;
			productType = "com.apple.product-type.application";
		};
/* End PBXNativeTarget section */

/* Begin PBXProject section */
		888F974328205AA200ACF34F /* Project object */ = {
			isa = PBXProject;
			attributes = {
				BuildIndependentTargetsInParallel = 1;
				LastSwiftUpdateCheck = 1330;
				LastUpgradeCheck = 1330;
				TargetAttributes = {
					888F974A28205AA200ACF34F = {
						CreatedOnToolsVersion = 13.3.1;
					};
				};
			};
			buildConfigurationList = 888F974628205AA200ACF34F /* Build configuration list for PBXProject "Super Senha" */;
			compatibilityVersion = "Xcode 13.0";
			developmentRegion = en;
			hasScannedForEncodings = 0;
			knownRegions = (
				en,
				Base,
			);
			mainGroup = 888F974228205AA200ACF34F;
			productRefGroup = 888F974C28205AA200ACF34F /* Products */;
			projectDirPath = "";
			projectRoot = "";
			targets = (
				888F974A28205AA200ACF34F /* Super Senha */,
			);
		};
/* End PBXProject section */

/* Begin PBXResourcesBuildPhase section */
		888F974928205AA200ACF34F /* Resources */ = {
			isa = PBXResourcesBuildPhase;
			buildActionMask = 2147483647;
			files = (
				888F975B28205AA800ACF34F /* LaunchScreen.storyboard in Resources */,
				888F975828205AA800ACF34F /* Assets.xcassets in Resources */,
				888F975628205AA200ACF34F /* Main.storyboard in Resources */,
			);
			runOnlyForDeploymentPostprocessing = 0;
		};
/* End PBXResourcesBuildPhase section */

/* Begin PBXSourcesBuildPhase section */
		888F974728205AA200ACF34F /* Sources */ = {
			isa = PBXSourcesBuildPhase;
			buildActionMask = 2147483647;
			files = (
				888F975328205AA200ACF34F /* ViewController.swift in Sources */,
				886FEBB628206D9C00B75021 /* PasswordsViewController.swift in Sources */,
				886FEBBC2820714E00B75021 /* PasswordGenerator.swift in Sources */,
				888F974F28205AA200ACF34F /* AppDelegate.swift in Sources */,
				888F975128205AA200ACF34F /* SceneDelegate.swift in Sources */,
				886FEBB828206E9700B75021 /* SecurityTipsViewController.swift in Sources */,
			);
			runOnlyForDeploymentPostprocessing = 0;
		};
/* End PBXSourcesBuildPhase section */

/* Begin PBXVariantGroup section */
		888F975428205AA200ACF34F /* Main.storyboard */ = {
			isa = PBXVariantGroup;
			children = (
				888F975528205AA200ACF34F /* Base */,
			);
			name = Main.storyboard;
			sourceTree = "<group>";
		};
		888F975928205AA800ACF34F /* LaunchScreen.storyboard */ = {
			isa = PBXVariantGroup;
			children = (
				888F975A28205AA800ACF34F /* Base */,
			);
			name = LaunchScreen.storyboard;
			sourceTree = "<group>";
		};
/* End PBXVariantGroup section */

/* Begin XCBuildConfiguration section */
		888F975D28205AA800ACF34F /* Debug */ = {
			isa = XCBuildConfiguration;
			buildSettings = {
				ALWAYS_SEARCH_USER_PATHS = NO;
				CLANG_ANALYZER_NONNULL = YES;
				CLANG_ANALYZER_NUMBER_OBJECT_CONVERSION = YES_AGGRESSIVE;
				CLANG_CXX_LANGUAGE_STANDARD = "gnu++17";
				CLANG_ENABLE_MODULES = YES;
				CLANG_ENABLE_OBJC_ARC = YES;
				CLANG_ENABLE_OBJC_WEAK = YES;
				CLANG_WARN_BLOCK_CAPTURE_AUTORELEASING = YES;
				CLANG_WARN_BOOL_CONVERSION = YES;
				CLANG_WARN_COMMA = YES;
				CLANG_WARN_CONSTANT_CONVERSION = YES;
				CLANG_WARN_DEPRECATED_OBJC_IMPLEMENTATIONS = YES;
				CLANG_WARN_DIRECT_OBJC_ISA_USAGE = YES_ERROR;
				CLANG_WARN_DOCUMENTATION_COMMENTS = YES;
				CLANG_WARN_EMPTY_BODY = YES;
				CLANG_WARN_ENUM_CONVERSION = YES;
				CLANG_WARN_INFINITE_RECURSION = YES;
				CLANG_WARN_INT_CONVERSION = YES;
				CLANG_WARN_NON_LITERAL_NULL_CONVERSION = YES;
				CLANG_WARN_OBJC_IMPLICIT_RETAIN_SELF = YES;
				CLANG_WARN_OBJC_LITERAL_CONVERSION = YES;
				CLANG_WARN_OBJC_ROOT_CLASS = YES_ERROR;
				CLANG_WARN_QUOTED_INCLUDE_IN_FRAMEWORK_HEADER = YES;
				CLANG_WARN_RANGE_LOOP_ANALYSIS = YES;
				CLANG_WARN_STRICT_PROTOTYPES = YES;
				CLANG_WARN_SUSPICIOUS_MOVE = YES;
				CLANG_WARN_UNGUARDED_AVAILABILITY = YES_AGGRESSIVE;
				CLANG_WARN_UNREACHABLE_CODE = YES;
				CLANG_WARN__DUPLICATE_METHOD_MATCH = YES;
				COPY_PHASE_STRIP = NO;
				DEBUG_INFORMATION_FORMAT = dwarf;
				ENABLE_STRICT_OBJC_MSGSEND = YES;
				ENABLE_TESTABILITY = YES;
				GCC_C_LANGUAGE_STANDARD = gnu11;
				GCC_DYNAMIC_NO_PIC = NO;
				GCC_NO_COMMON_BLOCKS = YES;
				GCC_OPTIMIZATION_LEVEL = 0;
				GCC_PREPROCESSOR_DEFINITIONS = (
					"DEBUG=1",
					"$(inherited)",
				);
				GCC_WARN_64_TO_32_BIT_CONVERSION = YES;
				GCC_WARN_ABOUT_RETURN_TYPE = YES_ERROR;
				GCC_WARN_UNDECLARED_SELECTOR = YES;
				GCC_WARN_UNINITIALIZED_AUTOS = YES_AGGRESSIVE;
				GCC_WARN_UNUSED_FUNCTION = YES;
				GCC_WARN_UNUSED_VARIABLE = YES;
				IPHONEOS_DEPLOYMENT_TARGET = 15.4;
				MTL_ENABLE_DEBUG_INFO = INCLUDE_SOURCE;
				MTL_FAST_MATH = YES;
				ONLY_ACTIVE_ARCH = YES;
				SDKROOT = iphoneos;
				SWIFT_ACTIVE_COMPILATION_CONDITIONS = DEBUG;
				SWIFT_OPTIMIZATION_LEVEL = "-Onone";
			};
			name = Debug;
		};
		888F975E28205AA800ACF34F /* Release */ = {
			isa = XCBuildConfiguration;
			buildSettings = {
				ALWAYS_SEARCH_USER_PATHS = NO;
				CLANG_ANALYZER_NONNULL = YES;
				CLANG_ANALYZER_NUMBER_OBJECT_CONVERSION = YES_AGGRESSIVE;
				CLANG_CXX_LANGUAGE_STANDARD = "gnu++17";
				CLANG_ENABLE_MODULES = YES;
				CLANG_ENABLE_OBJC_ARC = YES;
				CLANG_ENABLE_OBJC_WEAK = YES;
				CLANG_WARN_BLOCK_CAPTURE_AUTORELEASING = YES;
				CLANG_WARN_BOOL_CONVERSION = YES;
				CLANG_WARN_COMMA = YES;
				CLANG_WARN_CONSTANT_CONVERSION = YES;
				CLANG_WARN_DEPRECATED_OBJC_IMPLEMENTATIONS = YES;
				CLANG_WARN_DIRECT_OBJC_ISA_USAGE = YES_ERROR;
				CLANG_WARN_DOCUMENTATION_COMMENTS = YES;
				CLANG_WARN_EMPTY_BODY = YES;
				CLANG_WARN_ENUM_CONVERSION = YES;
				CLANG_WARN_INFINITE_RECURSION = YES;
				CLANG_WARN_INT_CONVERSION = YES;
				CLANG_WARN_NON_LITERAL_NULL_CONVERSION = YES;
				CLANG_WARN_OBJC_IMPLICIT_RETAIN_SELF = YES;
				CLANG_WARN_OBJC_LITERAL_CONVERSION = YES;
				CLANG_WARN_OBJC_ROOT_CLASS = YES_ERROR;
				CLANG_WARN_QUOTED_INCLUDE_IN_FRAMEWORK_HEADER = YES;
				CLANG_WARN_RANGE_LOOP_ANALYSIS = YES;
				CLANG_WARN_STRICT_PROTOTYPES = YES;
				CLANG_WARN_SUSPICIOUS_MOVE = YES;
				CLANG_WARN_UNGUARDED_AVAILABILITY = YES_AGGRESSIVE;
				CLANG_WARN_UNREACHABLE_CODE = YES;
				CLANG_WARN__DUPLICATE_METHOD_MATCH = YES;
				COPY_PHASE_STRIP = NO;
				DEBUG_INFORMATION_FORMAT = "dwarf-with-dsym";
				ENABLE_NS_ASSERTIONS = NO;
				ENABLE_STRICT_OBJC_MSGSEND = YES;
				GCC_C_LANGUAGE_STANDARD = gnu11;
				GCC_NO_COMMON_BLOCKS = YES;
				GCC_WARN_64_TO_32_BIT_CONVERSION = YES;
				GCC_WARN_ABOUT_RETURN_TYPE = YES_ERROR;
				GCC_WARN_UNDECLARED_SELECTOR = YES;
				GCC_WARN_UNINITIALIZED_AUTOS = YES_AGGRESSIVE;
				GCC_WARN_UNUSED_FUNCTION = YES;
				GCC_WARN_UNUSED_VARIABLE = YES;
				IPHONEOS_DEPLOYMENT_TARGET = 15.4;
				MTL_ENABLE_DEBUG_INFO = NO;
				MTL_FAST_MATH = YES;
				SDKROOT = iphoneos;
				SWIFT_COMPILATION_MODE = wholemodule;
				SWIFT_OPTIMIZATION_LEVEL = "-O";
				VALIDATE_PRODUCT = YES;
			};
			name = Release;
		};
		888F976028205AA800ACF34F /* Debug */ = {
			isa = XCBuildConfiguration;
			buildSettings = {
				ASSETCATALOG_COMPILER_APPICON_NAME = AppIcon;
				ASSETCATALOG_COMPILER_GLOBAL_ACCENT_COLOR_NAME = AccentColor;
				CODE_SIGN_STYLE = Automatic;
				CURRENT_PROJECT_VERSION = 1;
				DEVELOPMENT_TEAM = 53BS3N83X8;
				GENERATE_INFOPLIST_FILE = YES;
				INFOPLIST_FILE = "Super Senha/Info.plist";
				INFOPLIST_KEY_UIApplicationSupportsIndirectInputEvents = YES;
				INFOPLIST_KEY_UILaunchStoryboardName = LaunchScreen;
				INFOPLIST_KEY_UIMainStoryboardFile = Main;
				INFOPLIST_KEY_UISupportedInterfaceOrientations = UIInterfaceOrientationPortrait;
				INFOPLIST_KEY_UISupportedInterfaceOrientations_iPad = "UIInterfaceOrientationPortrait UIInterfaceOrientationPortraitUpsideDown UIInterfaceOrientationLandscapeLeft UIInterfaceOrientationLandscapeRight";
				INFOPLIST_KEY_UISupportedInterfaceOrientations_iPhone = "UIInterfaceOrientationPortrait UIInterfaceOrientationLandscapeLeft UIInterfaceOrientationLandscapeRight";
				LD_RUNPATH_SEARCH_PATHS = (
					"$(inherited)",
					"@executable_path/Frameworks",
				);
				MARKETING_VERSION = 1.0;
				PRODUCT_BUNDLE_IDENTIFIER = "CounterApp.Super-Senha";
				PRODUCT_NAME = "$(TARGET_NAME)";
				SWIFT_EMIT_LOC_STRINGS = YES;
				SWIFT_VERSION = 5.0;
				TARGETED_DEVICE_FAMILY = "1,2";
			};
			name = Debug;
		};
		888F976128205AA800ACF34F /* Release */ = {
			isa = XCBuildConfiguration;
			buildSettings = {
				ASSETCATALOG_COMPILER_APPICON_NAME = AppIcon;
				ASSETCATALOG_COMPILER_GLOBAL_ACCENT_COLOR_NAME = AccentColor;
				CODE_SIGN_STYLE = Automatic;
				CURRENT_PROJECT_VERSION = 1;
				DEVELOPMENT_TEAM = 53BS3N83X8;
				GENERATE_INFOPLIST_FILE = YES;
				INFOPLIST_FILE = "Super Senha/Info.plist";
				INFOPLIST_KEY_UIApplicationSupportsIndirectInputEvents = YES;
				INFOPLIST_KEY_UILaunchStoryboardName = LaunchScreen;
				INFOPLIST_KEY_UIMainStoryboardFile = Main;
				INFOPLIST_KEY_UISupportedInterfaceOrientations = UIInterfaceOrientationPortrait;
				INFOPLIST_KEY_UISupportedInterfaceOrientations_iPad = "UIInterfaceOrientationPortrait UIInterfaceOrientationPortraitUpsideDown UIInterfaceOrientationLandscapeLeft UIInterfaceOrientationLandscapeRight";
				INFOPLIST_KEY_UISupportedInterfaceOrientations_iPhone = "UIInterfaceOrientationPortrait UIInterfaceOrientationLandscapeLeft UIInterfaceOrientationLandscapeRight";
				LD_RUNPATH_SEARCH_PATHS = (
					"$(inherited)",
					"@executable_path/Frameworks",
				);
				MARKETING_VERSION = 1.0;
				PRODUCT_BUNDLE_IDENTIFIER = "CounterApp.Super-Senha";
				PRODUCT_NAME = "$(TARGET_NAME)";
				SWIFT_EMIT_LOC_STRINGS = YES;
				SWIFT_VERSION = 5.0;
				TARGETED_DEVICE_FAMILY = "1,2";
			};
			name = Release;
		};
/* End XCBuildConfiguration section */

/* Begin XCConfigurationList section */
		888F974628205AA200ACF34F /* Build configuration list for PBXProject "Super Senha" */ = {
			isa = XCConfigurationList;
			buildConfigurations = (
				888F975D28205AA800ACF34F /* Debug */,
				888F975E28205AA800ACF34F /* Release */,
			);
			defaultConfigurationIsVisible = 0;
			defaultConfigurationName = Release;
		};
		888F975F28205AA800ACF34F /* Build configuration list for PBXNativeTarget "Super Senha" */ = {
			isa = XCConfigurationList;
			buildConfigurations = (
				888F976028205AA800ACF34F /* Debug */,
				888F976128205AA800ACF34F /* Release */,
			);
			defaultConfigurationIsVisible = 0;
			defaultConfigurationName = Release;
		};
/* End XCConfigurationList section */
	};
	rootObject = 888F974328205AA200ACF34F /* Project object */;
}
